
Microsoft Visual Studio Solution File, Format Version 12.00
# Visual Studio Version 17
VisualStudioVersion = 17.2.32630.192
MinimumVisualStudioVersion = 10.0.40219.1
Project("{FAE04EC0-301F-11D3-BF4B-00C04F79EFBC}") = "WebApplication5", "WebApplication5\WebApplication5.csproj", "{A62BD467-1C56-491C-8224-148599F18849}"
EndProject
Global
	GlobalSection(SolutionConfigurationPlatforms) = preSolution
		Debug|Any CPU = Debug|Any CPU
		Release|Any CPU = Release|Any CPU
	EndGlobalSection
	GlobalSection(ProjectConfigurationPlatforms) = postSolution
		{A62BD467-1C56-491C-8224-148599F18849}.Debug|Any CPU.ActiveCfg = Debug|Any CPU
		{A62BD467-1C56-491C-8224-148599F18849}.Debug|Any CPU.Build.0 = Debug|Any CPU
		{A62BD467-1C56-491C-8224-148599F18849}.Release|Any CPU.ActiveCfg = Release|Any CPU
		{A62BD467-1C56-491C-8224-148599F18849}.Release|Any CPU.Build.0 = Release|Any CPU
	EndGlobalSection
	GlobalSection(SolutionProperties) = preSolution
		HideSolutionNode = FALSE
	EndGlobalSection
	GlobalSection(ExtensibilityGlobals) = postSolution
		SolutionGuid = {2228FF73-0A39-4C37-A496-73B3C243B4B9}
	EndGlobalSection
EndGlobal
